// !$*UTF8*$!
{
	archiveVersion = 1;
	classes = {
	};
	objectVersion = 50;
	objects = {

/* Begin PBXBuildFile section */
		04210BB228CF39210097CC27 /* AppDelegate.swift in Sources */ = {isa = PBXBuildFile; fileRef = 04210BB128CF39210097CC27 /* AppDelegate.swift */; };
		04210BB428CF39210097CC27 /* SceneDelegate.swift in Sources */ = {isa = PBXBuildFile; fileRef = 04210BB328CF39210097CC27 /* SceneDelegate.swift */; };
		04210BB628CF39210097CC27 /* ViewController.swift in Sources */ = {isa = PBXBuildFile; fileRef = 04210BB528CF39210097CC27 /* ViewController.swift */; };
		04210BB928CF39210097CC27 /* Main.storyboard in Resources */ = {isa = PBXBuildFile; fileRef = 04210BB728CF39210097CC27 /* Main.storyboard */; };
		04210BBB28CF39210097CC27 /* Assets.xcassets in Resources */ = {isa = PBXBuildFile; fileRef = 04210BBA28CF39210097CC27 /* Assets.xcassets */; };
		04210BBE28CF39210097CC27 /* LaunchScreen.storyboard in Resources */ = {isa = PBXBuildFile; fileRef = 04210BBC28CF39210097CC27 /* LaunchScreen.storyboard */; };
		04210BD328CF3D9E0097CC27 /* FMResultSet.m in Sources */ = {isa = PBXBuildFile; fileRef = 04210BC928CF3D9D0097CC27 /* FMResultSet.m */; };
		04210BD428CF3D9E0097CC27 /* FMDatabaseAdditions.m in Sources */ = {isa = PBXBuildFile; fileRef = 04210BCB28CF3D9D0097CC27 /* FMDatabaseAdditions.m */; };
		04210BD528CF3D9E0097CC27 /* FMDatabasePool.m in Sources */ = {isa = PBXBuildFile; fileRef = 04210BCD28CF3D9D0097CC27 /* FMDatabasePool.m */; };
		04210BD628CF3D9E0097CC27 /* FMDatabaseQueue.m in Sources */ = {isa = PBXBuildFile; fileRef = 04210BCF28CF3D9E0097CC27 /* FMDatabaseQueue.m */; };
		04210BD728CF3D9E0097CC27 /* FMDatabase.m in Sources */ = {isa = PBXBuildFile; fileRef = 04210BD128CF3D9E0097CC27 /* FMDatabase.m */; };
		04210BDE28CF47180097CC27 /* DatabaseManager.swift in Sources */ = {isa = PBXBuildFile; fileRef = 04210BDD28CF47180097CC27 /* DatabaseManager.swift */; };
		04210BE828CF4FCC0097CC27 /* Util.swift in Sources */ = {isa = PBXBuildFile; fileRef = 04210BE728CF4FCC0097CC27 /* Util.swift */; };
		04210BEB28CF503F0097CC27 /* CompanyTask.db in Resources */ = {isa = PBXBuildFile; fileRef = 04210BEA28CF503F0097CC27 /* CompanyTask.db */; };
		042A758B28CF92B200B0B763 /* APIModel.swift in Sources */ = {isa = PBXBuildFile; fileRef = 042A758A28CF92B200B0B763 /* APIModel.swift */; };
		042A758E28CF980A00B0B763 /* DataTableViewCell.swift in Sources */ = {isa = PBXBuildFile; fileRef = 042A758D28CF980A00B0B763 /* DataTableViewCell.swift */; };
		04AC9ACD28CFBEB40011CAAE /* UpdateDataViewController.swift in Sources */ = {isa = PBXBuildFile; fileRef = 04AC9ACC28CFBEB40011CAAE /* UpdateDataViewController.swift */; };
/* End PBXBuildFile section */

/* Begin PBXFileReference section */
		04210BAE28CF39210097CC27 /* CompanyTask.app */ = {isa = PBXFileReference; explicitFileType = wrapper.application; includeInIndex = 0; path = CompanyTask.app; sourceTree = BUILT_PRODUCTS_DIR; };
		04210BB128CF39210097CC27 /* AppDelegate.swift */ = {isa = PBXFileReference; lastKnownFileType = sourcecode.swift; path = AppDelegate.swift; sourceTree = "<group>"; };
		04210BB328CF39210097CC27 /* SceneDelegate.swift */ = {isa = PBXFileReference; lastKnownFileType = sourcecode.swift; path = SceneDelegate.swift; sourceTree = "<group>"; };
		04210BB528CF39210097CC27 /* ViewController.swift */ = {isa = PBXFileReference; lastKnownFileType = sourcecode.swift; path = ViewController.swift; sourceTree = "<group>"; };
		04210BB828CF39210097CC27 /* Base */ = {isa = PBXFileReference; lastKnownFileType = file.storyboard; name = Base; path = Base.lproj/Main.storyboard; sourceTree = "<group>"; };
		04210BBA28CF39210097CC27 /* Assets.xcassets */ = {isa = PBXFileReference; lastKnownFileType = folder.assetcatalog; path = Assets.xcassets; sourceTree = "<group>"; };
		04210BBD28CF39210097CC27 /* Base */ = {isa = PBXFileReference; lastKnownFileType = file.storyboard; name = Base; path = Base.lproj/LaunchScreen.storyboard; sourceTree = "<group>"; };
		04210BBF28CF39210097CC27 /* Info.plist */ = {isa = PBXFileReference; lastKnownFileType = text.plist.xml; path = Info.plist; sourceTree = "<group>"; };
		04210BC728CF3D9D0097CC27 /* CompanyTask-Bridging-Header.h */ = {isa = PBXFileReference; lastKnownFileType = sourcecode.c.h; path = "CompanyTask-Bridging-Header.h"; sourceTree = "<group>"; };
		04210BC828CF3D9D0097CC27 /* FMDB.h */ = {isa = PBXFileReference; fileEncoding = 4; lastKnownFileType = sourcecode.c.h; path = FMDB.h; sourceTree = "<group>"; };
		04210BC928CF3D9D0097CC27 /* FMResultSet.m */ = {isa = PBXFileReference; fileEncoding = 4; lastKnownFileType = sourcecode.c.objc; path = FMResultSet.m; sourceTree = "<group>"; };
		04210BCA28CF3D9D0097CC27 /* FMResultSet.h */ = {isa = PBXFileReference; fileEncoding = 4; lastKnownFileType = sourcecode.c.h; path = FMResultSet.h; sourceTree = "<group>"; };
		04210BCB28CF3D9D0097CC27 /* FMDatabaseAdditions.m */ = {isa = PBXFileReference; fileEncoding = 4; lastKnownFileType = sourcecode.c.objc; path = FMDatabaseAdditions.m; sourceTree = "<group>"; };
		04210BCC28CF3D9D0097CC27 /* FMDatabasePool.h */ = {isa = PBXFileReference; fileEncoding = 4; lastKnownFileType = sourcecode.c.h; path = FMDatabasePool.h; sourceTree = "<group>"; };
		04210BCD28CF3D9D0097CC27 /* FMDatabasePool.m */ = {isa = PBXFileReference; fileEncoding = 4; lastKnownFileType = sourcecode.c.objc; path = FMDatabasePool.m; sourceTree = "<group>"; };
		04210BCE28CF3D9E0097CC27 /* FMDatabase.h */ = {isa = PBXFileReference; fileEncoding = 4; lastKnownFileType = sourcecode.c.h; path = FMDatabase.h; sourceTree = "<group>"; };
		04210BCF28CF3D9E0097CC27 /* FMDatabaseQueue.m */ = {isa = PBXFileReference; fileEncoding = 4; lastKnownFileType = sourcecode.c.objc; path = FMDatabaseQueue.m; sourceTree = "<group>"; };
		04210BD028CF3D9E0097CC27 /* FMDatabaseAdditions.h */ = {isa = PBXFileReference; fileEncoding = 4; lastKnownFileType = sourcecode.c.h; path = FMDatabaseAdditions.h; sourceTree = "<group>"; };
		04210BD128CF3D9E0097CC27 /* FMDatabase.m */ = {isa = PBXFileReference; fileEncoding = 4; lastKnownFileType = sourcecode.c.objc; path = FMDatabase.m; sourceTree = "<group>"; };
		04210BD228CF3D9E0097CC27 /* FMDatabaseQueue.h */ = {isa = PBXFileReference; fileEncoding = 4; lastKnownFileType = sourcecode.c.h; path = FMDatabaseQueue.h; sourceTree = "<group>"; };
		04210BDD28CF47180097CC27 /* DatabaseManager.swift */ = {isa = PBXFileReference; lastKnownFileType = sourcecode.swift; path = DatabaseManager.swift; sourceTree = "<group>"; };
		04210BE728CF4FCC0097CC27 /* Util.swift */ = {isa = PBXFileReference; lastKnownFileType = sourcecode.swift; path = Util.swift; sourceTree = "<group>"; };
		04210BEA28CF503F0097CC27 /* CompanyTask.db */ = {isa = PBXFileReference; lastKnownFileType = file; path = CompanyTask.db; sourceTree = "<group>"; };
		042A758A28CF92B200B0B763 /* APIModel.swift */ = {isa = PBXFileReference; lastKnownFileType = sourcecode.swift; path = APIModel.swift; sourceTree = "<group>"; };
		042A758D28CF980A00B0B763 /* DataTableViewCell.swift */ = {isa = PBXFileReference; lastKnownFileType = sourcecode.swift; path = DataTableViewCell.swift; sourceTree = "<group>"; };
		04AC9ACC28CFBEB40011CAAE /* UpdateDataViewController.swift */ = {isa = PBXFileReference; lastKnownFileType = sourcecode.swift; path = UpdateDataViewController.swift; sourceTree = "<group>"; };
/* End PBXFileReference section */

/* Begin PBXFrameworksBuildPhase section */
		04210BAB28CF39210097CC27 /* Frameworks */ = {
			isa = PBXFrameworksBuildPhase;
			buildActionMask = 2147483647;
			files = (
			);
			runOnlyForDeploymentPostprocessing = 0;
		};
/* End PBXFrameworksBuildPhase section */

/* Begin PBXGroup section */
		04210BA528CF39210097CC27 = {
			isa = PBXGroup;
			children = (
				04210BB028CF39210097CC27 /* CompanyTask */,
				04210BAF28CF39210097CC27 /* Products */,
			);
			sourceTree = "<group>";
		};
		04210BAF28CF39210097CC27 /* Products */ = {
			isa = PBXGroup;
			children = (
				04210BAE28CF39210097CC27 /* CompanyTask.app */,
			);
			name = Products;
			sourceTree = "<group>";
		};
		04210BB028CF39210097CC27 /* CompanyTask */ = {
			isa = PBXGroup;
			children = (
				04210BEA28CF503F0097CC27 /* CompanyTask.db */,
				04210BDC28CF46F90097CC27 /* Database */,
				04210BDB28CF46F10097CC27 /* Model */,
				04210BDA28CF46EA0097CC27 /* View */,
				04210BD928CF46DE0097CC27 /* Controller */,
				04210BC628CF39440097CC27 /* FMDB */,
				04210BB128CF39210097CC27 /* AppDelegate.swift */,
				04210BB328CF39210097CC27 /* SceneDelegate.swift */,
				04210BBA28CF39210097CC27 /* Assets.xcassets */,
				04210BBF28CF39210097CC27 /* Info.plist */,
				04210BE728CF4FCC0097CC27 /* Util.swift */,
			);
			path = CompanyTask;
			sourceTree = "<group>";
		};
		04210BC628CF39440097CC27 /* FMDB */ = {
			isa = PBXGroup;
			children = (
				04210BCE28CF3D9E0097CC27 /* FMDatabase.h */,
				04210BD128CF3D9E0097CC27 /* FMDatabase.m */,
				04210BD028CF3D9E0097CC27 /* FMDatabaseAdditions.h */,
				04210BCB28CF3D9D0097CC27 /* FMDatabaseAdditions.m */,
				04210BCC28CF3D9D0097CC27 /* FMDatabasePool.h */,
				04210BCD28CF3D9D0097CC27 /* FMDatabasePool.m */,
				04210BD228CF3D9E0097CC27 /* FMDatabaseQueue.h */,
				04210BCF28CF3D9E0097CC27 /* FMDatabaseQueue.m */,
				04210BC828CF3D9D0097CC27 /* FMDB.h */,
				04210BCA28CF3D9D0097CC27 /* FMResultSet.h */,
				04210BC928CF3D9D0097CC27 /* FMResultSet.m */,
				04210BC728CF3D9D0097CC27 /* CompanyTask-Bridging-Header.h */,
			);
			path = FMDB;
			sourceTree = "<group>";
		};
		04210BD928CF46DE0097CC27 /* Controller */ = {
			isa = PBXGroup;
			children = (
				04210BB528CF39210097CC27 /* ViewController.swift */,
				042A758D28CF980A00B0B763 /* DataTableViewCell.swift */,
				04AC9ACC28CFBEB40011CAAE /* UpdateDataViewController.swift */,
			);
			path = Controller;
			sourceTree = "<group>";
		};
		04210BDA28CF46EA0097CC27 /* View */ = {
			isa = PBXGroup;
			children = (
				04210BB728CF39210097CC27 /* Main.storyboard */,
				04210BBC28CF39210097CC27 /* LaunchScreen.storyboard */,
			);
			path = View;
			sourceTree = "<group>";
		};
		04210BDB28CF46F10097CC27 /* Model */ = {
			isa = PBXGroup;
			children = (
				042A758A28CF92B200B0B763 /* APIModel.swift */,
			);
			path = Model;
			sourceTree = "<group>";
		};
		04210BDC28CF46F90097CC27 /* Database */ = {
			isa = PBXGroup;
			children = (
				04210BDD28CF47180097CC27 /* DatabaseManager.swift */,
			);
			path = Database;
			sourceTree = "<group>";
		};
/* End PBXGroup section */

/* Begin PBXNativeTarget section */
		04210BAD28CF39210097CC27 /* CompanyTask */ = {
			isa = PBXNativeTarget;
			buildConfigurationList = 04210BC228CF39210097CC27 /* Build configuration list for PBXNativeTarget "CompanyTask" */;
			buildPhases = (
				04210BAA28CF39210097CC27 /* Sources */,
				04210BAB28CF39210097CC27 /* Frameworks */,
				04210BAC28CF39210097CC27 /* Resources */,
			);
			buildRules = (
			);
			dependencies = (
			);
			name = CompanyTask;
			productName = CompanyTask;
			productReference = 04210BAE28CF39210097CC27 /* CompanyTask.app */;
			productType = "com.apple.product-type.application";
		};
/* End PBXNativeTarget section */

/* Begin PBXProject section */
		04210BA628CF39210097CC27 /* Project object */ = {
			isa = PBXProject;
			attributes = {
				LastSwiftUpdateCheck = 1240;
				LastUpgradeCheck = 1240;
				TargetAttributes = {
					04210BAD28CF39210097CC27 = {
						CreatedOnToolsVersion = 12.4;
						LastSwiftMigration = 1240;
					};
				};
			};
			buildConfigurationList = 04210BA928CF39210097CC27 /* Build configuration list for PBXProject "CompanyTask" */;
			compatibilityVersion = "Xcode 9.3";
			developmentRegion = en;
			hasScannedForEncodings = 0;
			knownRegions = (
				en,
				Base,
			);
			mainGroup = 04210BA528CF39210097CC27;
			productRefGroup = 04210BAF28CF39210097CC27 /* Products */;
			projectDirPath = "";
			projectRoot = "";
			targets = (
				04210BAD28CF39210097CC27 /* CompanyTask */,
			);
		};
/* End PBXProject section */

/* Begin PBXResourcesBuildPhase section */
		04210BAC28CF39210097CC27 /* Resources */ = {
			isa = PBXResourcesBuildPhase;
			buildActionMask = 2147483647;
			files = (
				04210BEB28CF503F0097CC27 /* CompanyTask.db in Resources */,
				04210BBE28CF39210097CC27 /* LaunchScreen.storyboard in Resources */,
				04210BBB28CF39210097CC27 /* Assets.xcassets in Resources */,
				04210BB928CF39210097CC27 /* Main.storyboard in Resources */,
			);
			runOnlyForDeploymentPostprocessing = 0;
		};
/* End PBXResourcesBuildPhase section */

/* Begin PBXSourcesBuildPhase section */
		04210BAA28CF39210097CC27 /* Sources */ = {
			isa = PBXSourcesBuildPhase;
			buildActionMask = 2147483647;
			files = (
				04210BB628CF39210097CC27 /* ViewController.swift in Sources */,
				042A758B28CF92B200B0B763 /* APIModel.swift in Sources */,
				04AC9ACD28CFBEB40011CAAE /* UpdateDataViewController.swift in Sources */,
				04210BD528CF3D9E0097CC27 /* FMDatabasePool.m in Sources */,
				042A758E28CF980A00B0B763 /* DataTableViewCell.swift in Sources */,
				04210BB228CF39210097CC27 /* AppDelegate.swift in Sources */,
				04210BD628CF3D9E0097CC27 /* FMDatabaseQueue.m in Sources */,
				04210BD328CF3D9E0097CC27 /* FMResultSet.m in Sources */,
				04210BE828CF4FCC0097CC27 /* Util.swift in Sources */,
				04210BB428CF39210097CC27 /* SceneDelegate.swift in Sources */,
				04210BD428CF3D9E0097CC27 /* FMDatabaseAdditions.m in Sources */,
				04210BD728CF3D9E0097CC27 /* FMDatabase.m in Sources */,
				04210BDE28CF47180097CC27 /* DatabaseManager.swift in Sources */,
			);
			runOnlyForDeploymentPostprocessing = 0;
		};
/* End PBXSourcesBuildPhase section */

/* Begin PBXVariantGroup section */
		04210BB728CF39210097CC27 /* Main.storyboard */ = {
			isa = PBXVariantGroup;
			children = (
				04210BB828CF39210097CC27 /* Base */,
			);
			name = Main.storyboard;
			sourceTree = "<group>";
		};
		04210BBC28CF39210097CC27 /* LaunchScreen.storyboard */ = {
			isa = PBXVariantGroup;
			children = (
				04210BBD28CF39210097CC27 /* Base */,
			);
			name = LaunchScreen.storyboard;
			sourceTree = "<group>";
		};
/* End PBXVariantGroup section */

/* Begin XCBuildConfiguration section */
		04210BC028CF39210097CC27 /* Debug */ = {
			isa = XCBuildConfiguration;
			buildSettings = {
				ALWAYS_SEARCH_USER_PATHS = NO;
				CLANG_ANALYZER_NONNULL = YES;
				CLANG_ANALYZER_NUMBER_OBJECT_CONVERSION = YES_AGGRESSIVE;
				CLANG_CXX_LANGUAGE_STANDARD = "gnu++14";
				CLANG_CXX_LIBRARY = "libc++";
				CLANG_ENABLE_MODULES = YES;
				CLANG_ENABLE_OBJC_ARC = YES;
				CLANG_ENABLE_OBJC_WEAK = YES;
				CLANG_WARN_BLOCK_CAPTURE_AUTORELEASING = YES;
				CLANG_WARN_BOOL_CONVERSION = YES;
				CLANG_WARN_COMMA = YES;
				CLANG_WARN_CONSTANT_CONVERSION = YES;
				CLANG_WARN_DEPRECATED_OBJC_IMPLEMENTATIONS = YES;
				CLANG_WARN_DIRECT_OBJC_ISA_USAGE = YES_ERROR;
				CLANG_WARN_DOCUMENTATION_COMMENTS = YES;
				CLANG_WARN_EMPTY_BODY = YES;
				CLANG_WARN_ENUM_CONVERSION = YES;
				CLANG_WARN_INFINITE_RECURSION = YES;
				CLANG_WARN_INT_CONVERSION = YES;
				CLANG_WARN_NON_LITERAL_NULL_CONVERSION = YES;
				CLANG_WARN_OBJC_IMPLICIT_RETAIN_SELF = YES;
				CLANG_WARN_OBJC_LITERAL_CONVERSION = YES;
				CLANG_WARN_OBJC_ROOT_CLASS = YES_ERROR;
				CLANG_WARN_QUOTED_INCLUDE_IN_FRAMEWORK_HEADER = YES;
				CLANG_WARN_RANGE_LOOP_ANALYSIS = YES;
				CLANG_WARN_STRICT_PROTOTYPES = YES;
				CLANG_WARN_SUSPICIOUS_MOVE = YES;
				CLANG_WARN_UNGUARDED_AVAILABILITY = YES_AGGRESSIVE;
				CLANG_WARN_UNREACHABLE_CODE = YES;
				CLANG_WARN__DUPLICATE_METHOD_MATCH = YES;
				COPY_PHASE_STRIP = NO;
				DEBUG_INFORMATION_FORMAT = dwarf;
				ENABLE_STRICT_OBJC_MSGSEND = YES;
				ENABLE_TESTABILITY = YES;
				GCC_C_LANGUAGE_STANDARD = gnu11;
				GCC_DYNAMIC_NO_PIC = NO;
				GCC_NO_COMMON_BLOCKS = YES;
				GCC_OPTIMIZATION_LEVEL = 0;
				GCC_PREPROCESSOR_DEFINITIONS = (
					"DEBUG=1",
					"$(inherited)",
				);
				GCC_WARN_64_TO_32_BIT_CONVERSION = YES;
				GCC_WARN_ABOUT_RETURN_TYPE = YES_ERROR;
				GCC_WARN_UNDECLARED_SELECTOR = YES;
				GCC_WARN_UNINITIALIZED_AUTOS = YES_AGGRESSIVE;
				GCC_WARN_UNUSED_FUNCTION = YES;
				GCC_WARN_UNUSED_VARIABLE = YES;
				IPHONEOS_DEPLOYMENT_TARGET = 14.4;
				MTL_ENABLE_DEBUG_INFO = INCLUDE_SOURCE;
				MTL_FAST_MATH = YES;
				ONLY_ACTIVE_ARCH = YES;
				SDKROOT = iphoneos;
				SWIFT_ACTIVE_COMPILATION_CONDITIONS = DEBUG;
				SWIFT_OPTIMIZATION_LEVEL = "-Onone";
			};
			name = Debug;
		};
		04210BC128CF39210097CC27 /* Release */ = {
			isa = XCBuildConfiguration;
			buildSettings = {
				ALWAYS_SEARCH_USER_PATHS = NO;
				CLANG_ANALYZER_NONNULL = YES;
				CLANG_ANALYZER_NUMBER_OBJECT_CONVERSION = YES_AGGRESSIVE;
				CLANG_CXX_LANGUAGE_STANDARD = "gnu++14";
				CLANG_CXX_LIBRARY = "libc++";
				CLANG_ENABLE_MODULES = YES;
				CLANG_ENABLE_OBJC_ARC = YES;
				CLANG_ENABLE_OBJC_WEAK = YES;
				CLANG_WARN_BLOCK_CAPTURE_AUTORELEASING = YES;
				CLANG_WARN_BOOL_CONVERSION = YES;
				CLANG_WARN_COMMA = YES;
				CLANG_WARN_CONSTANT_CONVERSION = YES;
				CLANG_WARN_DEPRECATED_OBJC_IMPLEMENTATIONS = YES;
				CLANG_WARN_DIRECT_OBJC_ISA_USAGE = YES_ERROR;
				CLANG_WARN_DOCUMENTATION_COMMENTS = YES;
				CLANG_WARN_EMPTY_BODY = YES;
				CLANG_WARN_ENUM_CONVERSION = YES;
				CLANG_WARN_INFINITE_RECURSION = YES;
				CLANG_WARN_INT_CONVERSION = YES;
				CLANG_WARN_NON_LITERAL_NULL_CONVERSION = YES;
				CLANG_WARN_OBJC_IMPLICIT_RETAIN_SELF = YES;
				CLANG_WARN_OBJC_LITERAL_CONVERSION = YES;
				CLANG_WARN_OBJC_ROOT_CLASS = YES_ERROR;
				CLANG_WARN_QUOTED_INCLUDE_IN_FRAMEWORK_HEADER = YES;
				CLANG_WARN_RANGE_LOOP_ANALYSIS = YES;
				CLANG_WARN_STRICT_PROTOTYPES = YES;
				CLANG_WARN_SUSPICIOUS_MOVE = YES;
				CLANG_WARN_UNGUARDED_AVAILABILITY = YES_AGGRESSIVE;
				CLANG_WARN_UNREACHABLE_CODE = YES;
				CLANG_WARN__DUPLICATE_METHOD_MATCH = YES;
				COPY_PHASE_STRIP = NO;
				DEBUG_INFORMATION_FORMAT = "dwarf-with-dsym";
				ENABLE_NS_ASSERTIONS = NO;
				ENABLE_STRICT_OBJC_MSGSEND = YES;
				GCC_C_LANGUAGE_STANDARD = gnu11;
				GCC_NO_COMMON_BLOCKS = YES;
				GCC_WARN_64_TO_32_BIT_CONVERSION = YES;
				GCC_WARN_ABOUT_RETURN_TYPE = YES_ERROR;
				GCC_WARN_UNDECLARED_SELECTOR = YES;
				GCC_WARN_UNINITIALIZED_AUTOS = YES_AGGRESSIVE;
				GCC_WARN_UNUSED_FUNCTION = YES;
				GCC_WARN_UNUSED_VARIABLE = YES;
				IPHONEOS_DEPLOYMENT_TARGET = 14.4;
				MTL_ENABLE_DEBUG_INFO = NO;
				MTL_FAST_MATH = YES;
				SDKROOT = iphoneos;
				SWIFT_COMPILATION_MODE = wholemodule;
				SWIFT_OPTIMIZATION_LEVEL = "-O";
				VALIDATE_PRODUCT = YES;
			};
			name = Release;
		};
		04210BC328CF39210097CC27 /* Debug */ = {
			isa = XCBuildConfiguration;
			buildSettings = {
				ASSETCATALOG_COMPILER_APPICON_NAME = AppIcon;
				ASSETCATALOG_COMPILER_GLOBAL_ACCENT_COLOR_NAME = AccentColor;
				CLANG_ENABLE_MODULES = YES;
				CODE_SIGN_STYLE = Automatic;
				INFOPLIST_FILE = CompanyTask/Info.plist;
				LD_RUNPATH_SEARCH_PATHS = (
					"$(inherited)",
					"@executable_path/Frameworks",
				);
				PRODUCT_BUNDLE_IDENTIFIER = com.akshay.CompanyTask;
				PRODUCT_NAME = "$(TARGET_NAME)";
				SWIFT_OBJC_BRIDGING_HEADER = "CompanyTask/FMDB/CompanyTask-Bridging-Header.h";
				SWIFT_OPTIMIZATION_LEVEL = "-Onone";
				SWIFT_VERSION = 5.0;
				TARGETED_DEVICE_FAMILY = "1,2";
			};
			name = Debug;
		};
		04210BC428CF39210097CC27 /* Release */ = {
			isa = XCBuildConfiguration;
			buildSettings = {
				ASSETCATALOG_COMPILER_APPICON_NAME = AppIcon;
				ASSETCATALOG_COMPILER_GLOBAL_ACCENT_COLOR_NAME = AccentColor;
				CLANG_ENABLE_MODULES = YES;
				CODE_SIGN_STYLE = Automatic;
				INFOPLIST_FILE = CompanyTask/Info.plist;
				LD_RUNPATH_SEARCH_PATHS = (
					"$(inherited)",
					"@executable_path/Frameworks",
				);
				PRODUCT_BUNDLE_IDENTIFIER = com.akshay.CompanyTask;
				PRODUCT_NAME = "$(TARGET_NAME)";
				SWIFT_OBJC_BRIDGING_HEADER = "CompanyTask/FMDB/CompanyTask-Bridging-Header.h";
				SWIFT_VERSION = 5.0;
				TARGETED_DEVICE_FAMILY = "1,2";
			};
			name = Release;
		};
/* End XCBuildConfiguration section */

/* Begin XCConfigurationList section */
		04210BA928CF39210097CC27 /* Build configuration list for PBXProject "CompanyTask" */ = {
			isa = XCConfigurationList;
			buildConfigurations = (
				04210BC028CF39210097CC27 /* Debug */,
				04210BC128CF39210097CC27 /* Release */,
			);
			defaultConfigurationIsVisible = 0;
			defaultConfigurationName = Release;
		};
		04210BC228CF39210097CC27 /* Build configuration list for PBXNativeTarget "CompanyTask" */ = {
			isa = XCConfigurationList;
			buildConfigurations = (
				04210BC328CF39210097CC27 /* Debug */,
				04210BC428CF39210097CC27 /* Release */,
			);
			defaultConfigurationIsVisible = 0;
			defaultConfigurationName = Release;
		};
/* End XCConfigurationList section */
	};
	rootObject = 04210BA628CF39210097CC27 /* Project object */;
}
